
Microsoft Visual Studio Solution File, Format Version 12.00
# Visual Studio 15
VisualStudioVersion = 15.0.28010.2016
MinimumVisualStudioVersion = 10.0.40219.1
Project("{FAE04EC0-301F-11D3-BF4B-00C04F79EFBC}") = "program1", "program1\program1.csproj", "{FA6748F1-84BC-432E-A524-3E045390D88E}"
EndProject
Global
	GlobalSection(SolutionConfigurationPlatforms) = preSolution
		Debug|Any CPU = Debug|Any CPU
		Release|Any CPU = Release|Any CPU
	EndGlobalSection
	GlobalSection(ProjectConfigurationPlatforms) = postSolution
		{FA6748F1-84BC-432E-A524-3E045390D88E}.Debug|Any CPU.ActiveCfg = Debug|Any CPU
		{FA6748F1-84BC-432E-A524-3E045390D88E}.Debug|Any CPU.Build.0 = Debug|Any CPU
		{FA6748F1-84BC-432E-A524-3E045390D88E}.Release|Any CPU.ActiveCfg = Release|Any CPU
		{FA6748F1-84BC-432E-A524-3E045390D88E}.Release|Any CPU.Build.0 = Release|Any CPU
	EndGlobalSection
	GlobalSection(SolutionProperties) = preSolution
		HideSolutionNode = FALSE
	EndGlobalSection
	GlobalSection(ExtensibilityGlobals) = postSolution
		SolutionGuid = {03BD49FF-568C-45D2-9D07-D2379CFEE9B5}
	EndGlobalSection
EndGlobal
